
Microsoft Visual Studio Solution File, Format Version 12.00
# Visual Studio 15
VisualStudioVersion = 15.0.26124.0
MinimumVisualStudioVersion = 15.0.26124.0
Project("{FAE04EC0-301F-11D3-BF4B-00C04F79EFBC}") = "FilPasRouge", "src\FilPasRouge.csproj", "{8E613352-6F14-41A3-A677-EDF226B2203B}"
EndProject
Project("{2150E333-8FDC-42A3-9474-1A3956D46DE8}") = "tests", "tests", "{1EC3119F-B712-41E3-B35C-73E4850A3BA7}"
EndProject
Project("{FAE04EC0-301F-11D3-BF4B-00C04F79EFBC}") = "UnitTests", "tests\UnitTests\UnitTests.csproj", "{222C11A2-CB08-4173-B3C4-DAB8C0A1E7A1}"
EndProject
Global
	GlobalSection(SolutionConfigurationPlatforms) = preSolution
		Debug|Any CPU = Debug|Any CPU
		Debug|x64 = Debug|x64
		Debug|x86 = Debug|x86
		Release|Any CPU = Release|Any CPU
		Release|x64 = Release|x64
		Release|x86 = Release|x86
	EndGlobalSection
	GlobalSection(SolutionProperties) = preSolution
		HideSolutionNode = FALSE
	EndGlobalSection
	GlobalSection(ProjectConfigurationPlatforms) = postSolution
		{8E613352-6F14-41A3-A677-EDF226B2203B}.Debug|Any CPU.ActiveCfg = Debug|Any CPU
		{8E613352-6F14-41A3-A677-EDF226B2203B}.Debug|Any CPU.Build.0 = Debug|Any CPU
		{8E613352-6F14-41A3-A677-EDF226B2203B}.Debug|x64.ActiveCfg = Debug|Any CPU
		{8E613352-6F14-41A3-A677-EDF226B2203B}.Debug|x64.Build.0 = Debug|Any CPU
		{8E613352-6F14-41A3-A677-EDF226B2203B}.Debug|x86.ActiveCfg = Debug|Any CPU
		{8E613352-6F14-41A3-A677-EDF226B2203B}.Debug|x86.Build.0 = Debug|Any CPU
		{8E613352-6F14-41A3-A677-EDF226B2203B}.Release|Any CPU.ActiveCfg = Release|Any CPU
		{8E613352-6F14-41A3-A677-EDF226B2203B}.Release|Any CPU.Build.0 = Release|Any CPU
		{8E613352-6F14-41A3-A677-EDF226B2203B}.Release|x64.ActiveCfg = Release|Any CPU
		{8E613352-6F14-41A3-A677-EDF226B2203B}.Release|x64.Build.0 = Release|Any CPU
		{8E613352-6F14-41A3-A677-EDF226B2203B}.Release|x86.ActiveCfg = Release|Any CPU
		{8E613352-6F14-41A3-A677-EDF226B2203B}.Release|x86.Build.0 = Release|Any CPU
		{222C11A2-CB08-4173-B3C4-DAB8C0A1E7A1}.Debug|Any CPU.ActiveCfg = Debug|Any CPU
		{222C11A2-CB08-4173-B3C4-DAB8C0A1E7A1}.Debug|Any CPU.Build.0 = Debug|Any CPU
		{222C11A2-CB08-4173-B3C4-DAB8C0A1E7A1}.Debug|x64.ActiveCfg = Debug|Any CPU
		{222C11A2-CB08-4173-B3C4-DAB8C0A1E7A1}.Debug|x64.Build.0 = Debug|Any CPU
		{222C11A2-CB08-4173-B3C4-DAB8C0A1E7A1}.Debug|x86.ActiveCfg = Debug|Any CPU
		{222C11A2-CB08-4173-B3C4-DAB8C0A1E7A1}.Debug|x86.Build.0 = Debug|Any CPU
		{222C11A2-CB08-4173-B3C4-DAB8C0A1E7A1}.Release|Any CPU.ActiveCfg = Release|Any CPU
		{222C11A2-CB08-4173-B3C4-DAB8C0A1E7A1}.Release|Any CPU.Build.0 = Release|Any CPU
		{222C11A2-CB08-4173-B3C4-DAB8C0A1E7A1}.Release|x64.ActiveCfg = Release|Any CPU
		{222C11A2-CB08-4173-B3C4-DAB8C0A1E7A1}.Release|x64.Build.0 = Release|Any CPU
		{222C11A2-CB08-4173-B3C4-DAB8C0A1E7A1}.Release|x86.ActiveCfg = Release|Any CPU
		{222C11A2-CB08-4173-B3C4-DAB8C0A1E7A1}.Release|x86.Build.0 = Release|Any CPU
	EndGlobalSection
	GlobalSection(NestedProjects) = preSolution
		{222C11A2-CB08-4173-B3C4-DAB8C0A1E7A1} = {1EC3119F-B712-41E3-B35C-73E4850A3BA7}
	EndGlobalSection
EndGlobal
